
Microsoft Visual Studio Solution File, Format Version 12.00
# Visual Studio Version 17
VisualStudioVersion = 17.7.34221.43
MinimumVisualStudioVersion = 10.0.40219.1
Project("{FAE04EC0-301F-11D3-BF4B-00C04F79EFBC}") = "ToDoList", "ToDoList\ToDoList.csproj", "{374118DA-5DFF-4CED-AABA-1793F1DD0B0C}"
EndProject
Global
	GlobalSection(SolutionConfigurationPlatforms) = preSolution
		Debug|Any CPU = Debug|Any CPU
		Release|Any CPU = Release|Any CPU
	EndGlobalSection
	GlobalSection(ProjectConfigurationPlatforms) = postSolution
		{374118DA-5DFF-4CED-AABA-1793F1DD0B0C}.Debug|Any CPU.ActiveCfg = Debug|Any CPU
		{374118DA-5DFF-4CED-AABA-1793F1DD0B0C}.Debug|Any CPU.Build.0 = Debug|Any CPU
		{374118DA-5DFF-4CED-AABA-1793F1DD0B0C}.Release|Any CPU.ActiveCfg = Release|Any CPU
		{374118DA-5DFF-4CED-AABA-1793F1DD0B0C}.Release|Any CPU.Build.0 = Release|Any CPU
	EndGlobalSection
	GlobalSection(SolutionProperties) = preSolution
		HideSolutionNode = FALSE
	EndGlobalSection
	GlobalSection(ExtensibilityGlobals) = postSolution
		SolutionGuid = {5AC39A4F-497E-49C1-A59C-5B08DBC3D1E0}
	EndGlobalSection
EndGlobal
